
Microsoft Visual Studio Solution File, Format Version 12.00
# Visual Studio Version 17
VisualStudioVersion = 17.3.32922.545
MinimumVisualStudioVersion = 10.0.40219.1
Project("{FAE04EC0-301F-11D3-BF4B-00C04F79EFBC}") = "LStanzianiQGame", "LStanzianiQGame\LStanzianiQGame.csproj", "{0AF97F2A-DAE9-4996-9FC6-CE1758E7425F}"
EndProject
Global
	GlobalSection(SolutionConfigurationPlatforms) = preSolution
		Debug|Any CPU = Debug|Any CPU
		Release|Any CPU = Release|Any CPU
	EndGlobalSection
	GlobalSection(ProjectConfigurationPlatforms) = postSolution
		{0AF97F2A-DAE9-4996-9FC6-CE1758E7425F}.Debug|Any CPU.ActiveCfg = Debug|Any CPU
		{0AF97F2A-DAE9-4996-9FC6-CE1758E7425F}.Debug|Any CPU.Build.0 = Debug|Any CPU
		{0AF97F2A-DAE9-4996-9FC6-CE1758E7425F}.Release|Any CPU.ActiveCfg = Release|Any CPU
		{0AF97F2A-DAE9-4996-9FC6-CE1758E7425F}.Release|Any CPU.Build.0 = Release|Any CPU
	EndGlobalSection
	GlobalSection(SolutionProperties) = preSolution
		HideSolutionNode = FALSE
	EndGlobalSection
	GlobalSection(ExtensibilityGlobals) = postSolution
		SolutionGuid = {92425EA0-D404-4A6A-B951-18F0CA8266FB}
	EndGlobalSection
EndGlobal
